
Microsoft Visual Studio Solution File, Format Version 12.00
# Visual Studio Version 17
VisualStudioVersion = 17.5.33424.131
MinimumVisualStudioVersion = 10.0.40219.1
Project("{8BC9CEB8-8B4A-11D0-8D11-00A0C91BC942}") = "chapter7", "chapter7.vcxproj", "{3A9C7C23-791C-4915-B36D-FA09FE156F5D}"
EndProject
Global
	GlobalSection(SolutionConfigurationPlatforms) = preSolution
		Debug|x64 = Debug|x64
		Debug|x86 = Debug|x86
		Release|x64 = Release|x64
		Release|x86 = Release|x86
	EndGlobalSection
	GlobalSection(ProjectConfigurationPlatforms) = postSolution
		{3A9C7C23-791C-4915-B36D-FA09FE156F5D}.Debug|x64.ActiveCfg = Debug|x64
		{3A9C7C23-791C-4915-B36D-FA09FE156F5D}.Debug|x64.Build.0 = Debug|x64
		{3A9C7C23-791C-4915-B36D-FA09FE156F5D}.Debug|x86.ActiveCfg = Debug|Win32
		{3A9C7C23-791C-4915-B36D-FA09FE156F5D}.Debug|x86.Build.0 = Debug|Win32
		{3A9C7C23-791C-4915-B36D-FA09FE156F5D}.Release|x64.ActiveCfg = Release|x64
		{3A9C7C23-791C-4915-B36D-FA09FE156F5D}.Release|x64.Build.0 = Release|x64
		{3A9C7C23-791C-4915-B36D-FA09FE156F5D}.Release|x86.ActiveCfg = Release|Win32
		{3A9C7C23-791C-4915-B36D-FA09FE156F5D}.Release|x86.Build.0 = Release|Win32
	EndGlobalSection
	GlobalSection(SolutionProperties) = preSolution
		HideSolutionNode = FALSE
	EndGlobalSection
	GlobalSection(ExtensibilityGlobals) = postSolution
		SolutionGuid = {83E4E0E2-71CE-462B-B4AC-590E6A7F7644}
	EndGlobalSection
EndGlobal
